
Microsoft Visual Studio Solution File, Format Version 12.00
# Visual Studio Version 16
VisualStudioVersion = 16.0.30503.244
MinimumVisualStudioVersion = 10.0.40219.1
Project("{8BC9CEB8-8B4A-11D0-8D11-00A0C91BC942}") = "ProcessManagement", "ProcessManagement\ProcessManagement.vcxproj", "{BE71E805-854D-476E-8C5E-8B9BD22EE11C}"
EndProject
Project("{8BC9CEB8-8B4A-11D0-8D11-00A0C91BC942}") = "GPS", "GPS\GPS.vcxproj", "{FB5FADB0-7E1D-4E57-9C55-68FE616C9678}"
EndProject
Project("{8BC9CEB8-8B4A-11D0-8D11-00A0C91BC942}") = "Camera", "Camera\Camera.vcxproj", "{B9BF0B5C-885F-4DC7-9295-3266C7F9E238}"
EndProject
Project("{8BC9CEB8-8B4A-11D0-8D11-00A0C91BC942}") = "Display", "Display\Display.vcxproj", "{8D58B2BC-D536-4DD1-81CA-0B0A8DA550AE}"
EndProject
Project("{8BC9CEB8-8B4A-11D0-8D11-00A0C91BC942}") = "Vehicle", "Vehicle\Vehicle.vcxproj", "{3E67A993-0A93-4660-9009-FB8A6E6B99AC}"
EndProject
Project("{8BC9CEB8-8B4A-11D0-8D11-00A0C91BC942}") = "Laser", "Laser\Laser.vcxproj", "{81F34326-20D2-4BDE-A39B-D251A5823A3B}"
EndProject
Global
	GlobalSection(SolutionConfigurationPlatforms) = preSolution
		Debug|x64 = Debug|x64
		Debug|x86 = Debug|x86
		Release|x64 = Release|x64
		Release|x86 = Release|x86
	EndGlobalSection
	GlobalSection(ProjectConfigurationPlatforms) = postSolution
		{BE71E805-854D-476E-8C5E-8B9BD22EE11C}.Debug|x64.ActiveCfg = Release|x64
		{BE71E805-854D-476E-8C5E-8B9BD22EE11C}.Debug|x64.Build.0 = Release|x64
		{BE71E805-854D-476E-8C5E-8B9BD22EE11C}.Debug|x86.ActiveCfg = Release|x64
		{BE71E805-854D-476E-8C5E-8B9BD22EE11C}.Debug|x86.Build.0 = Release|x64
		{BE71E805-854D-476E-8C5E-8B9BD22EE11C}.Release|x64.ActiveCfg = Release|x64
		{BE71E805-854D-476E-8C5E-8B9BD22EE11C}.Release|x64.Build.0 = Release|x64
		{BE71E805-854D-476E-8C5E-8B9BD22EE11C}.Release|x86.ActiveCfg = Release|Win32
		{BE71E805-854D-476E-8C5E-8B9BD22EE11C}.Release|x86.Build.0 = Release|Win32
		{FB5FADB0-7E1D-4E57-9C55-68FE616C9678}.Debug|x64.ActiveCfg = Release|x64
		{FB5FADB0-7E1D-4E57-9C55-68FE616C9678}.Debug|x64.Build.0 = Release|x64
		{FB5FADB0-7E1D-4E57-9C55-68FE616C9678}.Debug|x86.ActiveCfg = Release|x64
		{FB5FADB0-7E1D-4E57-9C55-68FE616C9678}.Debug|x86.Build.0 = Release|x64
		{FB5FADB0-7E1D-4E57-9C55-68FE616C9678}.Release|x64.ActiveCfg = Release|x64
		{FB5FADB0-7E1D-4E57-9C55-68FE616C9678}.Release|x64.Build.0 = Release|x64
		{FB5FADB0-7E1D-4E57-9C55-68FE616C9678}.Release|x86.ActiveCfg = Release|Win32
		{FB5FADB0-7E1D-4E57-9C55-68FE616C9678}.Release|x86.Build.0 = Release|Win32
		{B9BF0B5C-885F-4DC7-9295-3266C7F9E238}.Debug|x64.ActiveCfg = Debug|Win32
		{B9BF0B5C-885F-4DC7-9295-3266C7F9E238}.Debug|x64.Build.0 = Debug|Win32
		{B9BF0B5C-885F-4DC7-9295-3266C7F9E238}.Debug|x86.ActiveCfg = Debug|Win32
		{B9BF0B5C-885F-4DC7-9295-3266C7F9E238}.Debug|x86.Build.0 = Debug|Win32
		{B9BF0B5C-885F-4DC7-9295-3266C7F9E238}.Release|x64.ActiveCfg = Release|x64
		{B9BF0B5C-885F-4DC7-9295-3266C7F9E238}.Release|x64.Build.0 = Release|x64
		{B9BF0B5C-885F-4DC7-9295-3266C7F9E238}.Release|x86.ActiveCfg = Release|Win32
		{B9BF0B5C-885F-4DC7-9295-3266C7F9E238}.Release|x86.Build.0 = Release|Win32
		{8D58B2BC-D536-4DD1-81CA-0B0A8DA550AE}.Debug|x64.ActiveCfg = Release|Win32
		{8D58B2BC-D536-4DD1-81CA-0B0A8DA550AE}.Debug|x64.Build.0 = Release|Win32
		{8D58B2BC-D536-4DD1-81CA-0B0A8DA550AE}.Debug|x86.ActiveCfg = Release|Win32
		{8D58B2BC-D536-4DD1-81CA-0B0A8DA550AE}.Debug|x86.Build.0 = Release|Win32
		{8D58B2BC-D536-4DD1-81CA-0B0A8DA550AE}.Release|x64.ActiveCfg = Release|x64
		{8D58B2BC-D536-4DD1-81CA-0B0A8DA550AE}.Release|x64.Build.0 = Release|x64
		{8D58B2BC-D536-4DD1-81CA-0B0A8DA550AE}.Release|x86.ActiveCfg = Release|Win32
		{8D58B2BC-D536-4DD1-81CA-0B0A8DA550AE}.Release|x86.Build.0 = Release|Win32
		{3E67A993-0A93-4660-9009-FB8A6E6B99AC}.Debug|x64.ActiveCfg = Debug|x64
		{3E67A993-0A93-4660-9009-FB8A6E6B99AC}.Debug|x64.Build.0 = Debug|x64
		{3E67A993-0A93-4660-9009-FB8A6E6B99AC}.Debug|x86.ActiveCfg = Release|x64
		{3E67A993-0A93-4660-9009-FB8A6E6B99AC}.Debug|x86.Build.0 = Release|x64
		{3E67A993-0A93-4660-9009-FB8A6E6B99AC}.Release|x64.ActiveCfg = Release|x64
		{3E67A993-0A93-4660-9009-FB8A6E6B99AC}.Release|x64.Build.0 = Release|x64
		{3E67A993-0A93-4660-9009-FB8A6E6B99AC}.Release|x86.ActiveCfg = Release|Win32
		{3E67A993-0A93-4660-9009-FB8A6E6B99AC}.Release|x86.Build.0 = Release|Win32
		{81F34326-20D2-4BDE-A39B-D251A5823A3B}.Debug|x64.ActiveCfg = Release|x64
		{81F34326-20D2-4BDE-A39B-D251A5823A3B}.Debug|x64.Build.0 = Release|x64
		{81F34326-20D2-4BDE-A39B-D251A5823A3B}.Debug|x86.ActiveCfg = Release|x64
		{81F34326-20D2-4BDE-A39B-D251A5823A3B}.Debug|x86.Build.0 = Release|x64
		{81F34326-20D2-4BDE-A39B-D251A5823A3B}.Release|x64.ActiveCfg = Release|x64
		{81F34326-20D2-4BDE-A39B-D251A5823A3B}.Release|x64.Build.0 = Release|x64
		{81F34326-20D2-4BDE-A39B-D251A5823A3B}.Release|x86.ActiveCfg = Release|Win32
		{81F34326-20D2-4BDE-A39B-D251A5823A3B}.Release|x86.Build.0 = Release|Win32
	EndGlobalSection
	GlobalSection(SolutionProperties) = preSolution
		HideSolutionNode = FALSE
	EndGlobalSection
	GlobalSection(ExtensibilityGlobals) = postSolution
		SolutionGuid = {9D0E3E1E-263F-4EB2-9041-EFEC1644D3C3}
	EndGlobalSection
EndGlobal
